
Microsoft Visual Studio Solution File, Format Version 12.00
# Visual Studio Version 17
VisualStudioVersion = 17.11.35431.28
MinimumVisualStudioVersion = 10.0.40219.1
Project("{F184B08F-C81C-45F6-A57F-5ABD9991F28F}") = "Vue2WithMixins", "WebApplication1\Vue2WithMixins.vbproj", "{67E88FD4-3221-4CDE-9F82-34D9C6F6DAAF}"
EndProject
Project("{F184B08F-C81C-45F6-A57F-5ABD9991F28F}") = "Vue3GettingStarted", "Vue3Docs\Vue3GettingStarted.vbproj", "{C82C299F-9DD8-4197-AD5A-AAF7C63B96F2}"
EndProject
Project("{F184B08F-C81C-45F6-A57F-5ABD9991F28F}") = "Vue3SFCish", "Vue3SFCish\Vue3SFCish.vbproj", "{779E2900-24D4-447F-81C7-C82D9BE5FC2B}"
EndProject
Global
	GlobalSection(SolutionConfigurationPlatforms) = preSolution
		Debug|Any CPU = Debug|Any CPU
		Release|Any CPU = Release|Any CPU
	EndGlobalSection
	GlobalSection(ProjectConfigurationPlatforms) = postSolution
		{67E88FD4-3221-4CDE-9F82-34D9C6F6DAAF}.Debug|Any CPU.ActiveCfg = Debug|Any CPU
		{67E88FD4-3221-4CDE-9F82-34D9C6F6DAAF}.Debug|Any CPU.Build.0 = Debug|Any CPU
		{67E88FD4-3221-4CDE-9F82-34D9C6F6DAAF}.Release|Any CPU.ActiveCfg = Release|Any CPU
		{67E88FD4-3221-4CDE-9F82-34D9C6F6DAAF}.Release|Any CPU.Build.0 = Release|Any CPU
		{C82C299F-9DD8-4197-AD5A-AAF7C63B96F2}.Debug|Any CPU.ActiveCfg = Debug|Any CPU
		{C82C299F-9DD8-4197-AD5A-AAF7C63B96F2}.Debug|Any CPU.Build.0 = Debug|Any CPU
		{C82C299F-9DD8-4197-AD5A-AAF7C63B96F2}.Release|Any CPU.ActiveCfg = Release|Any CPU
		{C82C299F-9DD8-4197-AD5A-AAF7C63B96F2}.Release|Any CPU.Build.0 = Release|Any CPU
		{779E2900-24D4-447F-81C7-C82D9BE5FC2B}.Debug|Any CPU.ActiveCfg = Debug|Any CPU
		{779E2900-24D4-447F-81C7-C82D9BE5FC2B}.Debug|Any CPU.Build.0 = Debug|Any CPU
		{779E2900-24D4-447F-81C7-C82D9BE5FC2B}.Release|Any CPU.ActiveCfg = Release|Any CPU
		{779E2900-24D4-447F-81C7-C82D9BE5FC2B}.Release|Any CPU.Build.0 = Release|Any CPU
	EndGlobalSection
	GlobalSection(SolutionProperties) = preSolution
		HideSolutionNode = FALSE
	EndGlobalSection
	GlobalSection(ExtensibilityGlobals) = postSolution
		SolutionGuid = {05C6C915-28DB-48FF-9922-243147456652}
	EndGlobalSection
EndGlobal
